
Microsoft Visual Studio Solution File, Format Version 12.00
# Visual Studio Version 16
VisualStudioVersion = 16.0.28803.452
MinimumVisualStudioVersion = 10.0.40219.1
Project("{FAE04EC0-301F-11D3-BF4B-00C04F79EFBC}") = "WindowsFormsApp1", "WindowsFormsApp1\WindowsFormsApp1.csproj", "{555F7A87-2EC3-4042-9009-E472CC944E89}"
EndProject
Global
	GlobalSection(SolutionConfigurationPlatforms) = preSolution
		Debug|Any CPU = Debug|Any CPU
		Release|Any CPU = Release|Any CPU
	EndGlobalSection
	GlobalSection(ProjectConfigurationPlatforms) = postSolution
		{555F7A87-2EC3-4042-9009-E472CC944E89}.Debug|Any CPU.ActiveCfg = Debug|Any CPU
		{555F7A87-2EC3-4042-9009-E472CC944E89}.Debug|Any CPU.Build.0 = Debug|Any CPU
		{555F7A87-2EC3-4042-9009-E472CC944E89}.Release|Any CPU.ActiveCfg = Release|Any CPU
		{555F7A87-2EC3-4042-9009-E472CC944E89}.Release|Any CPU.Build.0 = Release|Any CPU
	EndGlobalSection
	GlobalSection(SolutionProperties) = preSolution
		HideSolutionNode = FALSE
	EndGlobalSection
	GlobalSection(ExtensibilityGlobals) = postSolution
		SolutionGuid = {F864CD4D-BFBB-4C4A-8401-F5173ED1A04A}
	EndGlobalSection
EndGlobal
